
Microsoft Visual Studio Solution File, Format Version 12.00
# Visual Studio Version 16
VisualStudioVersion = 16.0.30225.117
MinimumVisualStudioVersion = 10.0.40219.1
Project("{FAE04EC0-301F-11D3-BF4B-00C04F79EFBC}") = "OnyxGenerator", "OnyxGenerator\OnyxGenerator.csproj", "{4CB1C454-EDB2-45E0-BA32-82F5385DEC20}"
EndProject
Global
	GlobalSection(SolutionConfigurationPlatforms) = preSolution
		Debug|Any CPU = Debug|Any CPU
		Release|Any CPU = Release|Any CPU
	EndGlobalSection
	GlobalSection(ProjectConfigurationPlatforms) = postSolution
		{4CB1C454-EDB2-45E0-BA32-82F5385DEC20}.Debug|Any CPU.ActiveCfg = Debug|Any CPU
		{4CB1C454-EDB2-45E0-BA32-82F5385DEC20}.Debug|Any CPU.Build.0 = Debug|Any CPU
		{4CB1C454-EDB2-45E0-BA32-82F5385DEC20}.Release|Any CPU.ActiveCfg = Release|Any CPU
		{4CB1C454-EDB2-45E0-BA32-82F5385DEC20}.Release|Any CPU.Build.0 = Release|Any CPU
	EndGlobalSection
	GlobalSection(SolutionProperties) = preSolution
		HideSolutionNode = FALSE
	EndGlobalSection
	GlobalSection(ExtensibilityGlobals) = postSolution
		SolutionGuid = {DAC191EC-8062-4072-8779-0D5EA8587FC5}
	EndGlobalSection
EndGlobal
